
Microsoft Visual Studio Solution File, Format Version 12.00
# Visual Studio Version 17
VisualStudioVersion = 17.3.32825.248
MinimumVisualStudioVersion = 10.0.40219.1
Project("{FAE04EC0-301F-11D3-BF4B-00C04F79EFBC}") = "JSarad_C868_Capstone", "JSarad_C868_Capstone\JSarad_C868_Capstone.csproj", "{8D4AC06C-2D95-4BD0-98BF-720B1E5918DC}"
EndProject
Global
	GlobalSection(SolutionConfigurationPlatforms) = preSolution
		Debug|Any CPU = Debug|Any CPU
		Release|Any CPU = Release|Any CPU
	EndGlobalSection
	GlobalSection(ProjectConfigurationPlatforms) = postSolution
		{8D4AC06C-2D95-4BD0-98BF-720B1E5918DC}.Debug|Any CPU.ActiveCfg = Debug|Any CPU
		{8D4AC06C-2D95-4BD0-98BF-720B1E5918DC}.Debug|Any CPU.Build.0 = Debug|Any CPU
		{8D4AC06C-2D95-4BD0-98BF-720B1E5918DC}.Release|Any CPU.ActiveCfg = Release|Any CPU
		{8D4AC06C-2D95-4BD0-98BF-720B1E5918DC}.Release|Any CPU.Build.0 = Release|Any CPU
	EndGlobalSection
	GlobalSection(SolutionProperties) = preSolution
		HideSolutionNode = FALSE
	EndGlobalSection
	GlobalSection(ExtensibilityGlobals) = postSolution
		SolutionGuid = {D8A15E92-FA7A-4D9F-A99C-CA78A03650F3}
	EndGlobalSection
EndGlobal
